
Microsoft Visual Studio Solution File, Format Version 12.00
# Visual Studio Version 17
VisualStudioVersion = 17.6.33723.286
MinimumVisualStudioVersion = 10.0.40219.1
Project("{FAE04EC0-301F-11D3-BF4B-00C04F79EFBC}") = "Tarea001Parte8C#", "Tarea001Parte8C#.csproj", "{52FC99F6-67B9-486B-A07B-B7E55088E85E}"
EndProject
Global
	GlobalSection(SolutionConfigurationPlatforms) = preSolution
		Debug|Any CPU = Debug|Any CPU
		Release|Any CPU = Release|Any CPU
	EndGlobalSection
	GlobalSection(ProjectConfigurationPlatforms) = postSolution
		{52FC99F6-67B9-486B-A07B-B7E55088E85E}.Debug|Any CPU.ActiveCfg = Debug|Any CPU
		{52FC99F6-67B9-486B-A07B-B7E55088E85E}.Debug|Any CPU.Build.0 = Debug|Any CPU
		{52FC99F6-67B9-486B-A07B-B7E55088E85E}.Release|Any CPU.ActiveCfg = Release|Any CPU
		{52FC99F6-67B9-486B-A07B-B7E55088E85E}.Release|Any CPU.Build.0 = Release|Any CPU
	EndGlobalSection
	GlobalSection(SolutionProperties) = preSolution
		HideSolutionNode = FALSE
	EndGlobalSection
	GlobalSection(ExtensibilityGlobals) = postSolution
		SolutionGuid = {E3A5DE5F-DB0D-44D1-8D32-B1B90A4E9935}
	EndGlobalSection
EndGlobal
