
Microsoft Visual Studio Solution File, Format Version 12.00
# Visual Studio Version 17
VisualStudioVersion = 17.6.33723.286
MinimumVisualStudioVersion = 10.0.40219.1
Project("{FAE04EC0-301F-11D3-BF4B-00C04F79EFBC}") = "Tarea001Parte7C#", "Tarea001Parte7C#.csproj", "{35F0F953-6153-4368-8BC4-5E0BB121C0B2}"
EndProject
Global
	GlobalSection(SolutionConfigurationPlatforms) = preSolution
		Debug|Any CPU = Debug|Any CPU
		Release|Any CPU = Release|Any CPU
	EndGlobalSection
	GlobalSection(ProjectConfigurationPlatforms) = postSolution
		{35F0F953-6153-4368-8BC4-5E0BB121C0B2}.Debug|Any CPU.ActiveCfg = Debug|Any CPU
		{35F0F953-6153-4368-8BC4-5E0BB121C0B2}.Debug|Any CPU.Build.0 = Debug|Any CPU
		{35F0F953-6153-4368-8BC4-5E0BB121C0B2}.Release|Any CPU.ActiveCfg = Release|Any CPU
		{35F0F953-6153-4368-8BC4-5E0BB121C0B2}.Release|Any CPU.Build.0 = Release|Any CPU
	EndGlobalSection
	GlobalSection(SolutionProperties) = preSolution
		HideSolutionNode = FALSE
	EndGlobalSection
	GlobalSection(ExtensibilityGlobals) = postSolution
		SolutionGuid = {F90A1547-53B9-40B5-B4E7-D36A3FD20444}
	EndGlobalSection
EndGlobal
