
Microsoft Visual Studio Solution File, Format Version 12.00
# Visual Studio Version 17
VisualStudioVersion = 17.6.33723.286
MinimumVisualStudioVersion = 10.0.40219.1
Project("{FAE04EC0-301F-11D3-BF4B-00C04F79EFBC}") = "Tarea001Parte010", "Tarea001Parte010.csproj", "{E360C7DD-6C5D-41BC-867C-6FDA8B4E40EC}"
EndProject
Global
	GlobalSection(SolutionConfigurationPlatforms) = preSolution
		Debug|Any CPU = Debug|Any CPU
		Release|Any CPU = Release|Any CPU
	EndGlobalSection
	GlobalSection(ProjectConfigurationPlatforms) = postSolution
		{E360C7DD-6C5D-41BC-867C-6FDA8B4E40EC}.Debug|Any CPU.ActiveCfg = Debug|Any CPU
		{E360C7DD-6C5D-41BC-867C-6FDA8B4E40EC}.Debug|Any CPU.Build.0 = Debug|Any CPU
		{E360C7DD-6C5D-41BC-867C-6FDA8B4E40EC}.Release|Any CPU.ActiveCfg = Release|Any CPU
		{E360C7DD-6C5D-41BC-867C-6FDA8B4E40EC}.Release|Any CPU.Build.0 = Release|Any CPU
	EndGlobalSection
	GlobalSection(SolutionProperties) = preSolution
		HideSolutionNode = FALSE
	EndGlobalSection
	GlobalSection(ExtensibilityGlobals) = postSolution
		SolutionGuid = {A21819B8-5E98-4940-852D-87D448B79D00}
	EndGlobalSection
EndGlobal
