
Microsoft Visual Studio Solution File, Format Version 12.00
# Visual Studio Version 17
VisualStudioVersion = 17.6.33723.286
MinimumVisualStudioVersion = 10.0.40219.1
Project("{FAE04EC0-301F-11D3-BF4B-00C04F79EFBC}") = "Tarea001Parte008", "Tarea001Parte008.csproj", "{FD254DD8-6CEF-478D-B4FD-E49E23D04DC9}"
EndProject
Global
	GlobalSection(SolutionConfigurationPlatforms) = preSolution
		Debug|Any CPU = Debug|Any CPU
		Release|Any CPU = Release|Any CPU
	EndGlobalSection
	GlobalSection(ProjectConfigurationPlatforms) = postSolution
		{FD254DD8-6CEF-478D-B4FD-E49E23D04DC9}.Debug|Any CPU.ActiveCfg = Debug|Any CPU
		{FD254DD8-6CEF-478D-B4FD-E49E23D04DC9}.Debug|Any CPU.Build.0 = Debug|Any CPU
		{FD254DD8-6CEF-478D-B4FD-E49E23D04DC9}.Release|Any CPU.ActiveCfg = Release|Any CPU
		{FD254DD8-6CEF-478D-B4FD-E49E23D04DC9}.Release|Any CPU.Build.0 = Release|Any CPU
	EndGlobalSection
	GlobalSection(SolutionProperties) = preSolution
		HideSolutionNode = FALSE
	EndGlobalSection
	GlobalSection(ExtensibilityGlobals) = postSolution
		SolutionGuid = {443C75F3-8418-4117-97BC-FDCF64204996}
	EndGlobalSection
EndGlobal
